
Microsoft Visual Studio Solution File, Format Version 12.00
# Visual Studio Version 17
VisualStudioVersion = 17.13.35931.197
MinimumVisualStudioVersion = 10.0.40219.1
Project("{FAE04EC0-301F-11D3-BF4B-00C04F79EFBC}") = "A2ADotNet", "A2ADotNet\A2ADotNet.csproj", "{CAE1AA26-E6A2-0498-6C40-184C8129714C}"
EndProject
Global
	GlobalSection(SolutionConfigurationPlatforms) = preSolution
		Debug|Any CPU = Debug|Any CPU
		Release|Any CPU = Release|Any CPU
	EndGlobalSection
	GlobalSection(ProjectConfigurationPlatforms) = postSolution
		{CAE1AA26-E6A2-0498-6C40-184C8129714C}.Debug|Any CPU.ActiveCfg = Debug|Any CPU
		{CAE1AA26-E6A2-0498-6C40-184C8129714C}.Debug|Any CPU.Build.0 = Debug|Any CPU
		{CAE1AA26-E6A2-0498-6C40-184C8129714C}.Release|Any CPU.ActiveCfg = Release|Any CPU
		{CAE1AA26-E6A2-0498-6C40-184C8129714C}.Release|Any CPU.Build.0 = Release|Any CPU
	EndGlobalSection
	GlobalSection(SolutionProperties) = preSolution
		HideSolutionNode = FALSE
	EndGlobalSection
	GlobalSection(ExtensibilityGlobals) = postSolution
		SolutionGuid = {9B05DEFD-9666-4FAD-A988-34706D1DEDD6}
	EndGlobalSection
EndGlobal
