
Microsoft Visual Studio Solution File, Format Version 12.00
# Visual Studio Version 17
VisualStudioVersion = 17.13.36105.23
MinimumVisualStudioVersion = 10.0.40219.1
Project("{FAE04EC0-301F-11D3-BF4B-00C04F79EFBC}") = "WeatherForecastApp", "WeatherForecastApp.csproj", "{A2512339-6AAE-4190-BB8D-DDC7667661EC}"
EndProject
Project("{FAE04EC0-301F-11D3-BF4B-00C04F79EFBC}") = "A2ADotNet", "..\A2ADotNet\A2ADotNet.csproj", "{3757C4A4-875A-DAA6-E1EA-841D894AF4A6}"
EndProject
Global
	GlobalSection(SolutionConfigurationPlatforms) = preSolution
		Debug|Any CPU = Debug|Any CPU
		Release|Any CPU = Release|Any CPU
	EndGlobalSection
	GlobalSection(ProjectConfigurationPlatforms) = postSolution
		{A2512339-6AAE-4190-BB8D-DDC7667661EC}.Debug|Any CPU.ActiveCfg = Debug|Any CPU
		{A2512339-6AAE-4190-BB8D-DDC7667661EC}.Debug|Any CPU.Build.0 = Debug|Any CPU
		{A2512339-6AAE-4190-BB8D-DDC7667661EC}.Release|Any CPU.ActiveCfg = Release|Any CPU
		{A2512339-6AAE-4190-BB8D-DDC7667661EC}.Release|Any CPU.Build.0 = Release|Any CPU
		{3757C4A4-875A-DAA6-E1EA-841D894AF4A6}.Debug|Any CPU.ActiveCfg = Debug|Any CPU
		{3757C4A4-875A-DAA6-E1EA-841D894AF4A6}.Debug|Any CPU.Build.0 = Debug|Any CPU
		{3757C4A4-875A-DAA6-E1EA-841D894AF4A6}.Release|Any CPU.ActiveCfg = Release|Any CPU
		{3757C4A4-875A-DAA6-E1EA-841D894AF4A6}.Release|Any CPU.Build.0 = Release|Any CPU
	EndGlobalSection
	GlobalSection(SolutionProperties) = preSolution
		HideSolutionNode = FALSE
	EndGlobalSection
	GlobalSection(ExtensibilityGlobals) = postSolution
		SolutionGuid = {488D81DD-C854-4E51-8B49-D5D8A779F46B}
	EndGlobalSection
EndGlobal
